
Microsoft Visual Studio Solution File, Format Version 12.00
# Visual Studio Version 17
VisualStudioVersion = 17.11.35312.102
MinimumVisualStudioVersion = 10.0.40219.1
Project("{8BC9CEB8-8B4A-11D0-8D11-00A0C91BC942}") = "lab_11.2", "lab_11.2\lab_11.2.vcxproj", "{4D8ACD4E-56B1-4A28-938F-55A94D8CDBE3}"
EndProject
Project("{8BC9CEB8-8B4A-11D0-8D11-00A0C91BC942}") = "UnitTest_11.2", "UnitTest_11.2\UnitTest_11.2.vcxproj", "{703F5FAF-B737-461E-8E03-D771B7B37A41}"
EndProject
Global
	GlobalSection(SolutionConfigurationPlatforms) = preSolution
		Debug|x64 = Debug|x64
		Debug|x86 = Debug|x86
		Release|x64 = Release|x64
		Release|x86 = Release|x86
	EndGlobalSection
	GlobalSection(ProjectConfigurationPlatforms) = postSolution
		{4D8ACD4E-56B1-4A28-938F-55A94D8CDBE3}.Debug|x64.ActiveCfg = Debug|x64
		{4D8ACD4E-56B1-4A28-938F-55A94D8CDBE3}.Debug|x64.Build.0 = Debug|x64
		{4D8ACD4E-56B1-4A28-938F-55A94D8CDBE3}.Debug|x86.ActiveCfg = Debug|Win32
		{4D8ACD4E-56B1-4A28-938F-55A94D8CDBE3}.Debug|x86.Build.0 = Debug|Win32
		{4D8ACD4E-56B1-4A28-938F-55A94D8CDBE3}.Release|x64.ActiveCfg = Release|x64
		{4D8ACD4E-56B1-4A28-938F-55A94D8CDBE3}.Release|x64.Build.0 = Release|x64
		{4D8ACD4E-56B1-4A28-938F-55A94D8CDBE3}.Release|x86.ActiveCfg = Release|Win32
		{4D8ACD4E-56B1-4A28-938F-55A94D8CDBE3}.Release|x86.Build.0 = Release|Win32
		{703F5FAF-B737-461E-8E03-D771B7B37A41}.Debug|x64.ActiveCfg = Debug|x64
		{703F5FAF-B737-461E-8E03-D771B7B37A41}.Debug|x64.Build.0 = Debug|x64
		{703F5FAF-B737-461E-8E03-D771B7B37A41}.Debug|x86.ActiveCfg = Debug|Win32
		{703F5FAF-B737-461E-8E03-D771B7B37A41}.Debug|x86.Build.0 = Debug|Win32
		{703F5FAF-B737-461E-8E03-D771B7B37A41}.Release|x64.ActiveCfg = Release|x64
		{703F5FAF-B737-461E-8E03-D771B7B37A41}.Release|x64.Build.0 = Release|x64
		{703F5FAF-B737-461E-8E03-D771B7B37A41}.Release|x86.ActiveCfg = Release|Win32
		{703F5FAF-B737-461E-8E03-D771B7B37A41}.Release|x86.Build.0 = Release|Win32
	EndGlobalSection
	GlobalSection(SolutionProperties) = preSolution
		HideSolutionNode = FALSE
	EndGlobalSection
	GlobalSection(ExtensibilityGlobals) = postSolution
		SolutionGuid = {B88932A9-70F9-41DB-902C-F0BDEE6BE55F}
	EndGlobalSection
EndGlobal
